
Microsoft Visual Studio Solution File, Format Version 12.00
# Visual Studio Version 17
VisualStudioVersion = 17.14.36717.8 d17.14
MinimumVisualStudioVersion = 10.0.40219.1
Project("{FAE04EC0-301F-11D3-BF4B-00C04F79EFBC}") = "FPLWebAPI", "FPLWebAPI.csproj", "{387AEBA2-34B3-4C6D-A6E7-A1F16AE9D992}"
EndProject
Global
	GlobalSection(SolutionConfigurationPlatforms) = preSolution
		Debug|Any CPU = Debug|Any CPU
		Release|Any CPU = Release|Any CPU
	EndGlobalSection
	GlobalSection(ProjectConfigurationPlatforms) = postSolution
		{387AEBA2-34B3-4C6D-A6E7-A1F16AE9D992}.Debug|Any CPU.ActiveCfg = Debug|Any CPU
		{387AEBA2-34B3-4C6D-A6E7-A1F16AE9D992}.Debug|Any CPU.Build.0 = Debug|Any CPU
		{387AEBA2-34B3-4C6D-A6E7-A1F16AE9D992}.Release|Any CPU.ActiveCfg = Release|Any CPU
		{387AEBA2-34B3-4C6D-A6E7-A1F16AE9D992}.Release|Any CPU.Build.0 = Release|Any CPU
	EndGlobalSection
	GlobalSection(SolutionProperties) = preSolution
		HideSolutionNode = FALSE
	EndGlobalSection
	GlobalSection(ExtensibilityGlobals) = postSolution
		SolutionGuid = {6F8768F3-3C21-4D43-93B9-C2A5C5E703F6}
	EndGlobalSection
EndGlobal
